
Microsoft Visual Studio Solution File, Format Version 12.00
# Visual Studio Version 16
VisualStudioVersion = 16.0.31424.327
MinimumVisualStudioVersion = 10.0.40219.1
Project("{FAE04EC0-301F-11D3-BF4B-00C04F79EFBC}") = "BLL", "BLL\BLL.csproj", "{9220506B-9787-4212-B9D0-637A27D6A096}"
EndProject
Project("{FAE04EC0-301F-11D3-BF4B-00C04F79EFBC}") = "DLL", "DLL\DLL.csproj", "{86A25318-9051-4EA8-A5A5-77886204D59F}"
EndProject
Project("{FAE04EC0-301F-11D3-BF4B-00C04F79EFBC}") = "APIProjectMember", "ProjectMemberAPI\APIProjectMember.csproj", "{FDB0FBA0-0F06-4D21-9097-177EC1D1052A}"
EndProject
Global
	GlobalSection(SolutionConfigurationPlatforms) = preSolution
		Debug|Any CPU = Debug|Any CPU
		Release|Any CPU = Release|Any CPU
	EndGlobalSection
	GlobalSection(ProjectConfigurationPlatforms) = postSolution
		{9220506B-9787-4212-B9D0-637A27D6A096}.Debug|Any CPU.ActiveCfg = Debug|Any CPU
		{9220506B-9787-4212-B9D0-637A27D6A096}.Debug|Any CPU.Build.0 = Debug|Any CPU
		{9220506B-9787-4212-B9D0-637A27D6A096}.Release|Any CPU.ActiveCfg = Release|Any CPU
		{9220506B-9787-4212-B9D0-637A27D6A096}.Release|Any CPU.Build.0 = Release|Any CPU
		{86A25318-9051-4EA8-A5A5-77886204D59F}.Debug|Any CPU.ActiveCfg = Debug|Any CPU
		{86A25318-9051-4EA8-A5A5-77886204D59F}.Debug|Any CPU.Build.0 = Debug|Any CPU
		{86A25318-9051-4EA8-A5A5-77886204D59F}.Release|Any CPU.ActiveCfg = Release|Any CPU
		{86A25318-9051-4EA8-A5A5-77886204D59F}.Release|Any CPU.Build.0 = Release|Any CPU
		{FDB0FBA0-0F06-4D21-9097-177EC1D1052A}.Debug|Any CPU.ActiveCfg = Debug|Any CPU
		{FDB0FBA0-0F06-4D21-9097-177EC1D1052A}.Debug|Any CPU.Build.0 = Debug|Any CPU
		{FDB0FBA0-0F06-4D21-9097-177EC1D1052A}.Release|Any CPU.ActiveCfg = Release|Any CPU
		{FDB0FBA0-0F06-4D21-9097-177EC1D1052A}.Release|Any CPU.Build.0 = Release|Any CPU
	EndGlobalSection
	GlobalSection(SolutionProperties) = preSolution
		HideSolutionNode = FALSE
	EndGlobalSection
	GlobalSection(ExtensibilityGlobals) = postSolution
		SolutionGuid = {EC3DAC68-FA6B-448D-8DAB-EBDB37FACE0A}
	EndGlobalSection
EndGlobal
